PODS:
  - GKNavigationBarViewController (2.3.8)
  - HGCategoryView (1.1.2):
    - Masonry (~> 1.1.0)
  - HGPersonalCenterExtend (1.2.5):
    - HGCategoryView (~> 1.1.2)
    - Masonry (~> 1.1.0)
  - Masonry (1.1.0)

DEPENDENCIES:
  - GKNavigationBarViewController (~> 2.3.4)
  - HGPersonalCenterExtend (~> 1.2.5)

SPEC REPOS:
  trunk:
    - GKNavigationBarViewController
    - HGCategoryView
    - HGPersonalCenterExtend
    - Masonry

SPEC CHECKSUMS:
  GKNavigationBarViewController: a8c249e20774f19c0c4b20ca976b9bde68710a33
  HGCategoryView: 8437194aab246579ba2c29e0fdb7992d54c0ab2d
  HGPersonalCenterExtend: ab67006ad431cf14a1412cc4283eefcc593d65f0
  Masonry: 678fab65091a9290e40e2832a55e7ab731aad201

PODFILE CHECKSUM: 35180a4434c44ff6904c20ce5adfc907b1365a4c

COCOAPODS: 1.9.3
