PODS:
  - FDFullscreenPopGesture (1.1)
  - GKNavigationBarViewController (3.0.0)
  - HGCategoryView (1.2.1):
    - Masonry (~> 1.1.0)
  - HGPersonalCenterExtend (1.3.2):
    - HGCategoryView (~> 1.2.1)
    - Masonry (~> 1.1.0)
  - Masonry (1.1.0)

DEPENDENCIES:
  - FDFullscreenPopGesture (~> 1.1)
  - GKNavigationBarViewController (~> 3.0.0)
  - HGPersonalCenterExtend (~> 1.3.2)

SPEC REPOS:
  https://github.com/CocoaPods/Specs.git:
    - FDFullscreenPopGesture
    - GKNavigationBarViewController
    - HGCategoryView
    - HGPersonalCenterExtend
    - Masonry

SPEC CHECKSUMS:
  FDFullscreenPopGesture: a8a620179e3d9c40e8e00256dcee1c1a27c6d0f0
  GKNavigationBarViewController: 103e7cac0a4b3e7d083ebee7d10ec5e7b4ee2758
  HGCategoryView: d0aafdb8f6e7d5e46857061928dd1bb4cc17d9fb
  HGPersonalCenterExtend: 9c77a16f66947c04d46a8ab4f990f5481476d608
  Masonry: 678fab65091a9290e40e2832a55e7ab731aad201

PODFILE CHECKSUM: 337cbb0acf41253292d14c35bdeb99050214d326

COCOAPODS: 1.10.1
