PODS:
  - Masonry (1.0.2)
  - MJRefresh (3.1.15.3)

DEPENDENCIES:
  - Masonry
  - MJRefresh

SPEC REPOS:
  https://github.com/cocoapods/specs.git:
    - Masonry
    - MJRefresh

SPEC CHECKSUMS:
  Masonry: 7c429b56da9d4ee0bbb3ed77a5ea710d6a5df39e
  MJRefresh: b48380ae2b927b46c4ef000de9adb8dc748e1df7

PODFILE CHECKSUM: 827df2147bb6a836fad702fa2624dc4b3ba7be39

COCOAPODS: 1.5.3
