PODS:
  - HGPersonalCenterExtend (0.1.2):
    - Masonry (~> 1.1.0)
  - Masonry (1.1.0)

DEPENDENCIES:
  - HGPersonalCenterExtend (~> 0.1.2)

SPEC REPOS:
  https://github.com/cocoapods/specs.git:
    - HGPersonalCenterExtend
    - Masonry

SPEC CHECKSUMS:
  HGPersonalCenterExtend: 9c382eb64ff8fc3264b5bda53982256e513b162f
  Masonry: 678fab65091a9290e40e2832a55e7ab731aad201

PODFILE CHECKSUM: 67cc23ec6219c08be85ecf0cd8dfb7a1b42a62fd

COCOAPODS: 1.5.3
