PODS:
  - GKNavigationBarViewController (2.2.5)
  - HGPersonalCenterExtend (0.1.6):
    - Masonry (~> 1.1.0)
  - Masonry (1.1.0)

DEPENDENCIES:
  - GKNavigationBarViewController (= 2.2.5)
  - HGPersonalCenterExtend (= 0.1.6)

SPEC REPOS:
  https://github.com/cocoapods/specs.git:
    - GKNavigationBarViewController
    - HGPersonalCenterExtend
    - Masonry

SPEC CHECKSUMS:
  GKNavigationBarViewController: 127e7015e43d3e38e9dedc2353d42a68fabf2921
  HGPersonalCenterExtend: 5bc6c95530900e1c99d42716de0590f446082053
  Masonry: 678fab65091a9290e40e2832a55e7ab731aad201

PODFILE CHECKSUM: c6038131e4dfe9efb30fd2510d129b2d68060521

COCOAPODS: 1.6.1
