PODS:
  - GKNavigationBarViewController (2.2.5)
  - HGPersonalCenterExtend (0.1.9):
    - Masonry (~> 1.1.0)
  - Masonry (1.1.0)

DEPENDENCIES:
  - GKNavigationBarViewController (= 2.2.5)
  - HGPersonalCenterExtend (= 0.1.9)

SPEC REPOS:
  https://github.com/cocoapods/specs.git:
    - GKNavigationBarViewController
    - HGPersonalCenterExtend
    - Masonry

SPEC CHECKSUMS:
  GKNavigationBarViewController: 127e7015e43d3e38e9dedc2353d42a68fabf2921
  HGPersonalCenterExtend: 9818788012f8bc2cf0b9536f4a6c3e52462143a3
  Masonry: 678fab65091a9290e40e2832a55e7ab731aad201

PODFILE CHECKSUM: 949cb319386d381ab4d2673b2757be73ab753bd3

COCOAPODS: 1.7.5
